{
  "requires": true,
  "lockfileVersion": 1,
  "dependencies": {
    "linq": {
      "version": "3.2.0",
      "resolved": "https://registry.npmjs.org/linq/-/linq-3.2.0.tgz",
      "integrity": "sha512-rdmaLOf2tSCzZ75scdjjN/LVHGZzRu48ql9LdxppQec/pKpPtf8jlMDlPBX3rQnLMcGPtAx8Lel6YbF7jND70g=="
    },
    "vue-validator": {
      "version": "3.0.0-alpha.2",
      "resolved": "https://registry.npmjs.org/vue-validator/-/vue-validator-3.0.0-alpha.2.tgz",
      "integrity": "sha1-/9t5e75e/fyMMFD5gZg+oNtw3Bw="
    }
  }
}
